{
  "name": "dropship",
  "lockfileVersion": 3,
  "requires": true,
  "packages": {
    "": {
      "name": "dropship",
      "dependencies": {
        "@graphql-tools/merge": "^9.0.4",
        "graphql": "^16.9.0",
        "graphql-yoga": "^5.6.2"
      },
      "devDependencies": {
        "@prisma/client": "5.17.0",
        "@types/bun": "latest",
        "prisma": "5.17.0"
      },
      "peerDependencies": {
        "typescript": "^5.0.0"
      }
    },
    "node_modules/@envelop/core": {
      "version": "5.0.1",
      "license": "MIT",
      "dependencies": {
        "@envelop/types": "5.0.0",
        "tslib": "^2.5.0"
      },
      "engines": {
        "node": ">=18.0.0"
      }
    },
    "node_modules/@envelop/types": {
      "version": "5.0.0",
      "license": "MIT",
      "dependencies": {
        "tslib": "^2.5.0"
      },
      "engines": {
        "node": ">=18.0.0"
      }
    },
    "node_modules/@graphql-tools/executor": {
      "version": "1.3.0",
      "license": "MIT",
      "dependencies": {
        "@graphql-tools/utils": "^10.2.3",
        "@graphql-typed-document-node/core": "3.2.0",
        "@repeaterjs/repeater": "^3.0.4",
        "tslib": "^2.4.0",
        "value-or-promise": "^1.0.12"
      },
      "engines": {
        "node": ">=16.0.0"
      },
      "peerDependencies": {
        "graphql": "^14.0.0 || ^15.0.0 || ^16.0.0 || ^17.0.0"
      }
    },
    "node_modules/@graphql-tools/merge": {
      "version": "9.0.4",
      "license": "MIT",
      "dependencies": {
        "@graphql-tools/utils": "^10.0.13",
        "tslib": "^2.4.0"
      },
      "engines": {
        "node": ">=16.0.0"
      },
      "peerDependencies": {
        "graphql": "^14.0.0 || ^15.0.0 || ^16.0.0 || ^17.0.0"
      }
    },
    "node_modules/@graphql-tools/schema": {
      "version": "10.0.4",
      "license": "MIT",
      "dependencies": {
        "@graphql-tools/merge": "^9.0.3",
        "@graphql-tools/utils": "^10.2.1",
        "tslib": "^2.4.0",
        "value-or-promise": "^1.0.12"
      },
      "engines": {
        "node": ">=16.0.0"
      },
      "peerDependencies": {
        "graphql": "^14.0.0 || ^15.0.0 || ^16.0.0 || ^17.0.0"
      }
    },
    "node_modules/@graphql-tools/utils": {
      "version": "10.3.2",
      "license": "MIT",
      "dependencies": {
        "@graphql-typed-document-node/core": "^3.1.1",
        "cross-inspect": "1.0.0",
        "dset": "^3.1.2",
        "tslib": "^2.4.0"
      },
      "engines": {
        "node": ">=16.0.0"
      },
      "peerDependencies": {
        "graphql": "^14.0.0 || ^15.0.0 || ^16.0.0 || ^17.0.0"
      }
    },
    "node_modules/@graphql-typed-document-node/core": {
      "version": "3.2.0",
      "license": "MIT",
      "peerDependencies": {
        "graphql": "^0.8.0 || ^0.9.0 || ^0.10.0 || ^0.11.0 || ^0.12.0 || ^0.13.0 || ^14.0.0 || ^15.0.0 || ^16.0.0 || ^17.0.0"
      }
    },
    "node_modules/@graphql-yoga/logger": {
      "version": "2.0.0",
      "license": "MIT",
      "dependencies": {
        "tslib": "^2.5.2"
      },
      "engines": {
        "node": ">=18.0.0"
      }
    },
    "node_modules/@graphql-yoga/subscription": {
      "version": "5.0.1",
      "license": "MIT",
      "dependencies": {
        "@graphql-yoga/typed-event-target": "^3.0.0",
        "@repeaterjs/repeater": "^3.0.4",
        "@whatwg-node/events": "^0.1.0",
        "tslib": "^2.5.2"
      },
      "engines": {
        "node": ">=18.0.0"
      }
    },
    "node_modules/@graphql-yoga/typed-event-target": {
      "version": "3.0.0",
      "license": "MIT",
      "dependencies": {
        "@repeaterjs/repeater": "^3.0.4",
        "tslib": "^2.5.2"
      },
      "engines": {
        "node": ">=18.0.0"
      }
    },
    "node_modules/@kamilkisiela/fast-url-parser": {
      "version": "1.1.4",
      "license": "MIT"
    },
    "node_modules/@prisma/client": {
      "version": "5.17.0",
      "dev": true,
      "hasInstallScript": true,
      "license": "Apache-2.0",
      "engines": {
        "node": ">=16.13"
      },
      "peerDependencies": {
        "prisma": "*"
      },
      "peerDependenciesMeta": {
        "prisma": {
          "optional": true
        }
      }
    },
    "node_modules/@prisma/debug": {
      "version": "5.17.0",
      "dev": true,
      "license": "Apache-2.0"
    },
    "node_modules/@prisma/engines": {
      "version": "5.17.0",
      "dev": true,
      "hasInstallScript": true,
      "license": "Apache-2.0",
      "dependencies": {
        "@prisma/debug": "5.17.0",
        "@prisma/engines-version": "5.17.0-31.393aa359c9ad4a4bb28630fb5613f9c281cde053",
        "@prisma/fetch-engine": "5.17.0",
        "@prisma/get-platform": "5.17.0"
      }
    },
    "node_modules/@prisma/engines-version": {
      "version": "5.17.0-31.393aa359c9ad4a4bb28630fb5613f9c281cde053",
      "dev": true,
      "license": "Apache-2.0"
    },
    "node_modules/@prisma/fetch-engine": {
      "version": "5.17.0",
      "dev": true,
      "license": "Apache-2.0",
      "dependencies": {
        "@prisma/debug": "5.17.0",
        "@prisma/engines-version": "5.17.0-31.393aa359c9ad4a4bb28630fb5613f9c281cde053",
        "@prisma/get-platform": "5.17.0"
      }
    },
    "node_modules/@prisma/get-platform": {
      "version": "5.17.0",
      "dev": true,
      "license": "Apache-2.0",
      "dependencies": {
        "@prisma/debug": "5.17.0"
      }
    },
    "node_modules/@repeaterjs/repeater": {
      "version": "3.0.6",
      "license": "MIT"
    },
    "node_modules/@types/bun": {
      "version": "1.1.6",
      "resolved": "https://registry.npmjs.org/@types/bun/-/bun-1.1.6.tgz",
      "integrity": "sha512-uJgKjTdX0GkWEHZzQzFsJkWp5+43ZS7HC8sZPFnOwnSo1AsNl2q9o2bFeS23disNDqbggEgyFkKCHl/w8iZsMA==",
      "dev": true,
      "dependencies": {
        "bun-types": "1.1.17"
      }
    },
    "node_modules/@types/node": {
      "version": "20.12.14",
      "dev": true,
      "license": "MIT",
      "dependencies": {
        "undici-types": "~5.26.4"
      }
    },
    "node_modules/@types/ws": {
      "version": "8.5.12",
      "dev": true,
      "license": "MIT",
      "dependencies": {
        "@types/node": "*"
      }
    },
    "node_modules/@whatwg-node/events": {
      "version": "0.1.2",
      "license": "MIT",
      "dependencies": {
        "tslib": "^2.6.3"
      },
      "engines": {
        "node": ">=18.0.0"
      }
    },
    "node_modules/@whatwg-node/fetch": {
      "version": "0.9.19",
      "license": "MIT",
      "dependencies": {
        "@whatwg-node/node-fetch": "^0.5.16",
        "urlpattern-polyfill": "^10.0.0"
      },
      "engines": {
        "node": ">=16.0.0"
      }
    },
    "node_modules/@whatwg-node/node-fetch": {
      "version": "0.5.20",
      "license": "MIT",
      "dependencies": {
        "@kamilkisiela/fast-url-parser": "^1.1.4",
        "busboy": "^1.6.0",
        "fast-querystring": "^1.1.1",
        "tslib": "^2.6.3"
      },
      "engines": {
        "node": ">=18.0.0"
      }
    },
    "node_modules/@whatwg-node/server": {
      "version": "0.9.46",
      "license": "MIT",
      "dependencies": {
        "@whatwg-node/fetch": "^0.9.19",
        "tslib": "^2.6.3"
      },
      "engines": {
        "node": ">=18.0.0"
      }
    },
    "node_modules/bun-types": {
      "version": "1.1.17",
      "dev": true,
      "license": "MIT",
      "dependencies": {
        "@types/node": "~20.12.8",
        "@types/ws": "~8.5.10"
      }
    },
    "node_modules/busboy": {
      "version": "1.6.0",
      "dependencies": {
        "streamsearch": "^1.1.0"
      },
      "engines": {
        "node": ">=10.16.0"
      }
    },
    "node_modules/cross-inspect": {
      "version": "1.0.0",
      "license": "MIT",
      "dependencies": {
        "tslib": "^2.4.0"
      },
      "engines": {
        "node": ">=16.0.0"
      }
    },
    "node_modules/dset": {
      "version": "3.1.3",
      "license": "MIT",
      "engines": {
        "node": ">=4"
      }
    },
    "node_modules/fast-decode-uri-component": {
      "version": "1.0.1",
      "license": "MIT"
    },
    "node_modules/fast-querystring": {
      "version": "1.1.2",
      "license": "MIT",
      "dependencies": {
        "fast-decode-uri-component": "^1.0.1"
      }
    },
    "node_modules/graphql": {
      "version": "16.9.0",
      "license": "MIT",
      "engines": {
        "node": "^12.22.0 || ^14.16.0 || ^16.0.0 || >=17.0.0"
      }
    },
    "node_modules/graphql-yoga": {
      "version": "5.6.2",
      "license": "MIT",
      "dependencies": {
        "@envelop/core": "^5.0.1",
        "@graphql-tools/executor": "^1.3.0",
        "@graphql-tools/schema": "^10.0.4",
        "@graphql-tools/utils": "^10.3.2",
        "@graphql-yoga/logger": "^2.0.0",
        "@graphql-yoga/subscription": "^5.0.1",
        "@whatwg-node/fetch": "^0.9.18",
        "@whatwg-node/server": "^0.9.41",
        "dset": "^3.1.1",
        "lru-cache": "^10.0.0",
        "tslib": "^2.5.2"
      },
      "engines": {
        "node": ">=18.0.0"
      },
      "peerDependencies": {
        "graphql": "^15.2.0 || ^16.0.0"
      }
    },
    "node_modules/lru-cache": {
      "version": "10.4.3",
      "license": "ISC"
    },
    "node_modules/prisma": {
      "version": "5.17.0",
      "dev": true,
      "hasInstallScript": true,
      "license": "Apache-2.0",
      "dependencies": {
        "@prisma/engines": "5.17.0"
      },
      "bin": {
        "prisma": "build/index.js"
      },
      "engines": {
        "node": ">=16.13"
      }
    },
    "node_modules/streamsearch": {
      "version": "1.1.0",
      "engines": {
        "node": ">=10.0.0"
      }
    },
    "node_modules/tslib": {
      "version": "2.6.3",
      "license": "0BSD"
    },
    "node_modules/typescript": {
      "version": "5.5.4",
      "license": "Apache-2.0",
      "peer": true,
      "bin": {
        "tsc": "bin/tsc",
        "tsserver": "bin/tsserver"
      },
      "engines": {
        "node": ">=14.17"
      }
    },
    "node_modules/undici-types": {
      "version": "5.26.5",
      "dev": true,
      "license": "MIT"
    },
    "node_modules/urlpattern-polyfill": {
      "version": "10.0.0",
      "license": "MIT"
    },
    "node_modules/value-or-promise": {
      "version": "1.0.12",
      "license": "MIT",
      "engines": {
        "node": ">=12"
      }
    }
  }
}
